
Microsoft Visual Studio Solution File, Format Version 12.00
# Visual Studio Version 17
VisualStudioVersion = 17.8.34525.116
MinimumVisualStudioVersion = 10.0.40219.1
Project("{FAE04EC0-301F-11D3-BF4B-00C04F79EFBC}") = "Week13SQLiteDB", "Week13SQLiteDB\Week13SQLiteDB.csproj", "{51A93D28-6CC9-4254-9524-D24B2AAD1D06}"
EndProject
Global
	GlobalSection(SolutionConfigurationPlatforms) = preSolution
		Debug|Any CPU = Debug|Any CPU
		Release|Any CPU = Release|Any CPU
	EndGlobalSection
	GlobalSection(ProjectConfigurationPlatforms) = postSolution
		{51A93D28-6CC9-4254-9524-D24B2AAD1D06}.Debug|Any CPU.ActiveCfg = Debug|Any CPU
		{51A93D28-6CC9-4254-9524-D24B2AAD1D06}.Debug|Any CPU.Build.0 = Debug|Any CPU
		{51A93D28-6CC9-4254-9524-D24B2AAD1D06}.Release|Any CPU.ActiveCfg = Release|Any CPU
		{51A93D28-6CC9-4254-9524-D24B2AAD1D06}.Release|Any CPU.Build.0 = Release|Any CPU
	EndGlobalSection
	GlobalSection(SolutionProperties) = preSolution
		HideSolutionNode = FALSE
	EndGlobalSection
	GlobalSection(ExtensibilityGlobals) = postSolution
		SolutionGuid = {DEAE636C-9443-4F3B-91F6-6E411DBAB755}
	EndGlobalSection
EndGlobal
